{
  "version": 4,
  "terraform_version": "1.14.8",
  "serial": 24,
  "lineage": "60706ed4-9ad3-5989-6d60-9875380158d8",
  "outputs": {
    "database_name": {
      "value": "migration-db",
      "type": "string"
    },
    "sql_server_name": {
      "value": "sql-7gj2",
      "type": "string"
    }
  },
  "resources": [
    {
      "mode": "data",
      "type": "azurerm_client_config",
      "name": "current",
      "provider": "provider[\"registry.terraform.io/hashicorp/azurerm\"]",
      "instances": [
        {
          "schema_version": 0,
          "attributes": {
            "client_id": "04b07795-8ddb-461a-bbee-02f9e1bf7b46",
            "id": "Y2xpZW50Q29uZmlncy9jbGllbnRJZD0wNGIwNzc5NS04ZGRiLTQ2MWEtYmJlZS0wMmY5ZTFiZjdiNDY7b2JqZWN0SWQ9OTBlZDFiOWYtN2UzNC00YWYxLTk0ZjgtNGQ4ZjgxZDk4ODdiO3N1YnNjcmlwdGlvbklkPTY2ODRmM2IyLWRiOGUtNDExOC05ZDc0LTNjN2Q3YjZlMDU1Zjt0ZW5hbnRJZD0zOGM0ODJhMy05NjczLTQxMTktYmY4YS0wYzI1OGJhYjI0ODQ=",
            "object_id": "90ed1b9f-7e34-4af1-94f8-4d8f81d9887b",
            "subscription_id": "6684f3b2-db8e-4118-9d74-3c7d7b6e055f",
            "tenant_id": "38c482a3-9673-4119-bf8a-0c258bab2484",
            "timeouts": null
          },
          "sensitive_attributes": [],
          "identity_schema_version": 0
        }
      ]
    },
    {
      "mode": "managed",
      "type": "azurerm_data_factory",
      "name": "adf",
      "provider": "provider[\"registry.terraform.io/hashicorp/azurerm\"]",
      "instances": [
        {
          "schema_version": 2,
          "attributes": {
            "customer_managed_key_id": "",
            "customer_managed_key_identity_id": "",
            "github_configuration": [],
            "global_parameter": [],
            "id": "/subscriptions/6684f3b2-db8e-4118-9d74-3c7d7b6e055f/resourceGroups/rg-data-migration/providers/Microsoft.DataFactory/factories/adf-migration-platform",
            "identity": [],
            "location": "francecentral",
            "managed_virtual_network_enabled": false,
            "name": "adf-migration-platform",
            "public_network_enabled": true,
            "purview_id": "",
            "resource_group_name": "rg-data-migration",
            "tags": null,
            "timeouts": null,
            "vsts_configuration": []
          },
          "sensitive_attributes": [],
          "identity_schema_version": 0,
          "private": "eyJlMmJmYjczMC1lY2FhLTExZTYtOGY4OC0zNDM2M2JjN2M0YzAiOnsiY3JlYXRlIjoxODAwMDAwMDAwMDAwLCJkZWxldGUiOjE4MDAwMDAwMDAwMDAsInJlYWQiOjMwMDAwMDAwMDAwMCwidXBkYXRlIjoxODAwMDAwMDAwMDAwfSwic2NoZW1hX3ZlcnNpb24iOiIyIn0=",
          "dependencies": [
            "azurerm_resource_group.rg"
          ]
        }
      ]
    },
    {
      "mode": "managed",
      "type": "azurerm_key_vault",
      "name": "kv",
      "provider": "provider[\"registry.terraform.io/hashicorp/azurerm\"]",
      "instances": [
        {
          "schema_version": 2,
          "attributes": {
            "access_policy": [],
            "contact": [],
            "enable_rbac_authorization": false,
            "enabled_for_deployment": false,
            "enabled_for_disk_encryption": false,
            "enabled_for_template_deployment": false,
            "id": "/subscriptions/6684f3b2-db8e-4118-9d74-3c7d7b6e055f/resourceGroups/rg-data-migration/providers/Microsoft.KeyVault/vaults/kv-migration-platform",
            "location": "francecentral",
            "name": "kv-migration-platform",
            "network_acls": [
              {
                "bypass": "AzureServices",
                "default_action": "Allow",
                "ip_rules": [],
                "virtual_network_subnet_ids": []
              }
            ],
            "public_network_access_enabled": true,
            "purge_protection_enabled": false,
            "rbac_authorization_enabled": false,
            "resource_group_name": "rg-data-migration",
            "sku_name": "standard",
            "soft_delete_retention_days": 90,
            "tags": null,
            "tenant_id": "38c482a3-9673-4119-bf8a-0c258bab2484",
            "timeouts": null,
            "vault_uri": "https://kv-migration-platform.vault.azure.net/"
          },
          "sensitive_attributes": [],
          "identity_schema_version": 0,
          "private": "eyJlMmJmYjczMC1lY2FhLTExZTYtOGY4OC0zNDM2M2JjN2M0YzAiOnsiY3JlYXRlIjoxODAwMDAwMDAwMDAwLCJkZWxldGUiOjE4MDAwMDAwMDAwMDAsInJlYWQiOjMwMDAwMDAwMDAwMCwidXBkYXRlIjoxODAwMDAwMDAwMDAwfSwic2NoZW1hX3ZlcnNpb24iOiIyIn0=",
          "dependencies": [
            "azurerm_resource_group.rg",
            "data.azurerm_client_config.current"
          ]
        }
      ]
    },
    {
      "mode": "managed",
      "type": "azurerm_key_vault_access_policy",
      "name": "default",
      "provider": "provider[\"registry.terraform.io/hashicorp/azurerm\"]",
      "instances": [
        {
          "schema_version": 0,
          "attributes": {
            "application_id": null,
            "certificate_permissions": null,
            "id": "/subscriptions/6684f3b2-db8e-4118-9d74-3c7d7b6e055f/resourceGroups/rg-data-migration/providers/Microsoft.KeyVault/vaults/kv-migration-platform/objectId/90ed1b9f-7e34-4af1-94f8-4d8f81d9887b",
            "key_permissions": null,
            "key_vault_id": "/subscriptions/6684f3b2-db8e-4118-9d74-3c7d7b6e055f/resourceGroups/rg-data-migration/providers/Microsoft.KeyVault/vaults/kv-migration-platform",
            "object_id": "90ed1b9f-7e34-4af1-94f8-4d8f81d9887b",
            "secret_permissions": [
              "Get",
              "Set",
              "List"
            ],
            "storage_permissions": null,
            "tenant_id": "38c482a3-9673-4119-bf8a-0c258bab2484",
            "timeouts": null
          },
          "sensitive_attributes": [],
          "identity_schema_version": 0,
          "private": "eyJlMmJmYjczMC1lY2FhLTExZTYtOGY4OC0zNDM2M2JjN2M0YzAiOnsiY3JlYXRlIjoxODAwMDAwMDAwMDAwLCJkZWxldGUiOjE4MDAwMDAwMDAwMDAsInJlYWQiOjMwMDAwMDAwMDAwMCwidXBkYXRlIjoxODAwMDAwMDAwMDAwfX0=",
          "dependencies": [
            "azurerm_key_vault.kv",
            "azurerm_resource_group.rg",
            "data.azurerm_client_config.current"
          ]
        }
      ]
    },
    {
      "mode": "managed",
      "type": "azurerm_log_analytics_workspace",
      "name": "log",
      "provider": "provider[\"registry.terraform.io/hashicorp/azurerm\"]",
      "instances": [
        {
          "schema_version": 3,
          "attributes": {
            "allow_resource_only_permissions": true,
            "cmk_for_query_forced": false,
            "daily_quota_gb": -1,
            "data_collection_rule_id": "",
            "id": "/subscriptions/6684f3b2-db8e-4118-9d74-3c7d7b6e055f/resourceGroups/rg-data-migration/providers/Microsoft.OperationalInsights/workspaces/log-migration-platform",
            "identity": [],
            "immediate_data_purge_on_30_days_enabled": false,
            "internet_ingestion_enabled": true,
            "internet_query_enabled": true,
            "local_authentication_disabled": false,
            "local_authentication_enabled": true,
            "location": "francecentral",
            "name": "log-migration-platform",
            "primary_shared_key": "zgNurL3X1EPQbnDj5kvv/9G1mBRlYnMguqe5H3+0IH4XHhJWHpAXsyZBnqCDH7Vyi+R2CxhrmhRRqUR+ZoaxXQ==",
            "reservation_capacity_in_gb_per_day": null,
            "resource_group_name": "rg-data-migration",
            "retention_in_days": 30,
            "secondary_shared_key": "8jRoK/2C/6LupBN4EYufexzd7p7ggvclXza5uM9/3GwzzVJKFWHlqXzaIyba0BRzlaS/7bY15Yo93Mj9pfONPw==",
            "sku": "PerGB2018",
            "tags": null,
            "timeouts": null,
            "workspace_id": "613ee6d3-9802-4f8d-bbf9-9b15c309a003"
          },
          "sensitive_attributes": [
            [
              {
                "type": "get_attr",
                "value": "primary_shared_key"
              }
            ],
            [
              {
                "type": "get_attr",
                "value": "secondary_shared_key"
              }
            ]
          ],
          "identity_schema_version": 0,
          "private": "eyJlMmJmYjczMC1lY2FhLTExZTYtOGY4OC0zNDM2M2JjN2M0YzAiOnsiY3JlYXRlIjoxODAwMDAwMDAwMDAwLCJkZWxldGUiOjE4MDAwMDAwMDAwMDAsInJlYWQiOjMwMDAwMDAwMDAwMCwidXBkYXRlIjoxODAwMDAwMDAwMDAwfSwic2NoZW1hX3ZlcnNpb24iOiIzIn0=",
          "dependencies": [
            "azurerm_resource_group.rg"
          ]
        }
      ]
    },
    {
      "mode": "managed",
      "type": "azurerm_monitor_diagnostic_setting",
      "name": "adf_logs",
      "provider": "provider[\"registry.terraform.io/hashicorp/azurerm\"]",
      "instances": [
        {
          "schema_version": 0,
          "attributes": {
            "enabled_log": [
              {
                "category": "PipelineRuns",
                "category_group": "",
                "retention_policy": []
              }
            ],
            "enabled_metric": [
              {
                "category": "AllMetrics"
              }
            ],
            "eventhub_authorization_rule_id": "",
            "eventhub_name": "",
            "id": "/subscriptions/6684f3b2-db8e-4118-9d74-3c7d7b6e055f/resourceGroups/rg-data-migration/providers/Microsoft.DataFactory/factories/adf-migration-platform|adf-logs",
            "log_analytics_destination_type": "AzureDiagnostics",
            "log_analytics_workspace_id": "/subscriptions/6684f3b2-db8e-4118-9d74-3c7d7b6e055f/resourceGroups/rg-data-migration/providers/Microsoft.OperationalInsights/workspaces/log-migration-platform",
            "metric": [
              {
                "category": "AllMetrics",
                "enabled": true,
                "retention_policy": [
                  {
                    "days": 0,
                    "enabled": false
                  }
                ]
              }
            ],
            "name": "adf-logs",
            "partner_solution_id": null,
            "storage_account_id": null,
            "target_resource_id": "/subscriptions/6684f3b2-db8e-4118-9d74-3c7d7b6e055f/resourceGroups/rg-data-migration/providers/Microsoft.DataFactory/factories/adf-migration-platform",
            "timeouts": null
          },
          "sensitive_attributes": [],
          "identity_schema_version": 0,
          "private": "eyJlMmJmYjczMC1lY2FhLTExZTYtOGY4OC0zNDM2M2JjN2M0YzAiOnsiY3JlYXRlIjoxODAwMDAwMDAwMDAwLCJkZWxldGUiOjM2MDAwMDAwMDAwMDAsInJlYWQiOjMwMDAwMDAwMDAwMCwidXBkYXRlIjoxODAwMDAwMDAwMDAwfX0=",
          "dependencies": [
            "azurerm_data_factory.adf",
            "azurerm_log_analytics_workspace.log",
            "azurerm_resource_group.rg"
          ]
        }
      ]
    },
    {
      "mode": "managed",
      "type": "azurerm_mssql_database",
      "name": "db",
      "provider": "provider[\"registry.terraform.io/hashicorp/azurerm\"]",
      "instances": [
        {
          "schema_version": 1,
          "attributes": {
            "auto_pause_delay_in_minutes": 0,
            "collation": "SQL_Latin1_General_CP1_CI_AS",
            "create_mode": "Default",
            "creation_source_database_id": null,
            "elastic_pool_id": "",
            "enclave_type": "",
            "geo_backup_enabled": true,
            "id": "/subscriptions/6684f3b2-db8e-4118-9d74-3c7d7b6e055f/resourceGroups/rg-data-migration/providers/Microsoft.Sql/servers/sql-7gj2/databases/migration-db",
            "identity": [],
            "import": [],
            "ledger_enabled": false,
            "license_type": "",
            "long_term_retention_policy": [
              {
                "immutable_backups_enabled": false,
                "monthly_retention": "PT0S",
                "week_of_year": 1,
                "weekly_retention": "PT0S",
                "yearly_retention": "PT0S"
              }
            ],
            "maintenance_configuration_name": "SQL_Default",
            "max_size_gb": 2,
            "min_capacity": 0,
            "name": "migration-db",
            "read_replica_count": 0,
            "read_scale": false,
            "recover_database_id": null,
            "recovery_point_id": null,
            "restore_dropped_database_id": null,
            "restore_long_term_retention_backup_id": null,
            "restore_point_in_time": null,
            "sample_name": null,
            "secondary_type": "",
            "server_id": "/subscriptions/6684f3b2-db8e-4118-9d74-3c7d7b6e055f/resourceGroups/rg-data-migration/providers/Microsoft.Sql/servers/sql-7gj2",
            "short_term_retention_policy": [
              {
                "backup_interval_in_hours": 24,
                "retention_days": 7
              }
            ],
            "sku_name": "Basic",
            "storage_account_type": "Geo",
            "tags": null,
            "threat_detection_policy": [
              {
                "disabled_alerts": [],
                "email_account_admins": "Disabled",
                "email_addresses": [],
                "retention_days": 0,
                "state": "Disabled",
                "storage_account_access_key": "",
                "storage_endpoint": ""
              }
            ],
            "timeouts": null,
            "transparent_data_encryption_enabled": true,
            "transparent_data_encryption_key_automatic_rotation_enabled": false,
            "transparent_data_encryption_key_vault_key_id": "",
            "zone_redundant": false
          },
          "sensitive_attributes": [
            [
              {
                "type": "get_attr",
                "value": "threat_detection_policy"
              },
              {
                "type": "index",
                "value": {
                  "value": 0,
                  "type": "number"
                }
              },
              {
                "type": "get_attr",
                "value": "storage_account_access_key"
              }
            ]
          ],
          "identity_schema_version": 0,
          "identity": {
            "name": "migration-db",
            "resource_group_name": "rg-data-migration",
            "server_name": "sql-7gj2",
            "subscription_id": "6684f3b2-db8e-4118-9d74-3c7d7b6e055f"
          },
          "private": "eyJlMmJmYjczMC1lY2FhLTExZTYtOGY4OC0zNDM2M2JjN2M0YzAiOnsiY3JlYXRlIjozNjAwMDAwMDAwMDAwLCJkZWxldGUiOjM2MDAwMDAwMDAwMDAsInJlYWQiOjMwMDAwMDAwMDAwMCwidXBkYXRlIjozNjAwMDAwMDAwMDAwfSwic2NoZW1hX3ZlcnNpb24iOiIxIn0=",
          "dependencies": [
            "azurerm_mssql_server.sql_server",
            "azurerm_resource_group.rg",
            "random_string.suffix"
          ]
        }
      ]
    },
    {
      "mode": "managed",
      "type": "azurerm_mssql_firewall_rule",
      "name": "allow_azure",
      "provider": "provider[\"registry.terraform.io/hashicorp/azurerm\"]",
      "instances": [
        {
          "schema_version": 0,
          "attributes": {
            "end_ip_address": "0.0.0.0",
            "id": "/subscriptions/6684f3b2-db8e-4118-9d74-3c7d7b6e055f/resourceGroups/rg-data-migration/providers/Microsoft.Sql/servers/sql-7gj2/firewallRules/AllowAzureServices",
            "name": "AllowAzureServices",
            "server_id": "/subscriptions/6684f3b2-db8e-4118-9d74-3c7d7b6e055f/resourceGroups/rg-data-migration/providers/Microsoft.Sql/servers/sql-7gj2",
            "start_ip_address": "0.0.0.0",
            "timeouts": null
          },
          "sensitive_attributes": [],
          "identity_schema_version": 0,
          "private": "eyJlMmJmYjczMC1lY2FhLTExZTYtOGY4OC0zNDM2M2JjN2M0YzAiOnsiY3JlYXRlIjoxODAwMDAwMDAwMDAwLCJkZWxldGUiOjE4MDAwMDAwMDAwMDAsInJlYWQiOjMwMDAwMDAwMDAwMCwidXBkYXRlIjoxODAwMDAwMDAwMDAwfX0=",
          "dependencies": [
            "azurerm_mssql_server.sql_server",
            "azurerm_resource_group.rg",
            "random_string.suffix"
          ]
        }
      ]
    },
    {
      "mode": "managed",
      "type": "azurerm_mssql_server",
      "name": "sql_server",
      "provider": "provider[\"registry.terraform.io/hashicorp/azurerm\"]",
      "instances": [
        {
          "schema_version": 0,
          "attributes": {
            "administrator_login": "adminuser",
            "administrator_login_password": "Sg1865Password123!",
            "administrator_login_password_wo": null,
            "administrator_login_password_wo_version": 0,
            "azuread_administrator": [],
            "connection_policy": "Default",
            "express_vulnerability_assessment_enabled": false,
            "fully_qualified_domain_name": "sql-7gj2.database.windows.net",
            "id": "/subscriptions/6684f3b2-db8e-4118-9d74-3c7d7b6e055f/resourceGroups/rg-data-migration/providers/Microsoft.Sql/servers/sql-7gj2",
            "identity": [],
            "location": "francecentral",
            "minimum_tls_version": "1.2",
            "name": "sql-7gj2",
            "outbound_network_restriction_enabled": false,
            "primary_user_assigned_identity_id": "",
            "public_network_access_enabled": true,
            "resource_group_name": "rg-data-migration",
            "restorable_dropped_database_ids": [],
            "tags": null,
            "timeouts": null,
            "transparent_data_encryption_key_vault_key_id": "",
            "version": "12.0"
          },
          "sensitive_attributes": [
            [
              {
                "type": "get_attr",
                "value": "administrator_login_password"
              }
            ],
            [
              {
                "type": "get_attr",
                "value": "administrator_login_password_wo"
              }
            ]
          ],
          "identity_schema_version": 0,
          "identity": {
            "name": "sql-7gj2",
            "resource_group_name": "rg-data-migration",
            "subscription_id": "6684f3b2-db8e-4118-9d74-3c7d7b6e055f"
          },
          "private": "eyJlMmJmYjczMC1lY2FhLTExZTYtOGY4OC0zNDM2M2JjN2M0YzAiOnsiY3JlYXRlIjozNjAwMDAwMDAwMDAwLCJkZWxldGUiOjM2MDAwMDAwMDAwMDAsInJlYWQiOjMwMDAwMDAwMDAwMCwidXBkYXRlIjozNjAwMDAwMDAwMDAwfX0=",
          "dependencies": [
            "azurerm_resource_group.rg",
            "random_string.suffix"
          ]
        }
      ]
    },
    {
      "mode": "managed",
      "type": "azurerm_resource_group",
      "name": "rg",
      "provider": "provider[\"registry.terraform.io/hashicorp/azurerm\"]",
      "instances": [
        {
          "schema_version": 0,
          "attributes": {
            "id": "/subscriptions/6684f3b2-db8e-4118-9d74-3c7d7b6e055f/resourceGroups/rg-data-migration",
            "location": "francecentral",
            "managed_by": "",
            "name": "rg-data-migration",
            "tags": null,
            "timeouts": null
          },
          "sensitive_attributes": [],
          "identity_schema_version": 0,
          "identity": {
            "name": "rg-data-migration",
            "subscription_id": "6684f3b2-db8e-4118-9d74-3c7d7b6e055f"
          },
          "private": "eyJlMmJmYjczMC1lY2FhLTExZTYtOGY4OC0zNDM2M2JjN2M0YzAiOnsiY3JlYXRlIjo1NDAwMDAwMDAwMDAwLCJkZWxldGUiOjU0MDAwMDAwMDAwMDAsInJlYWQiOjMwMDAwMDAwMDAwMCwidXBkYXRlIjo1NDAwMDAwMDAwMDAwfX0="
        }
      ]
    },
    {
      "mode": "managed",
      "type": "random_string",
      "name": "suffix",
      "provider": "provider[\"registry.terraform.io/hashicorp/random\"]",
      "instances": [
        {
          "schema_version": 2,
          "attributes": {
            "id": "7gj2",
            "keepers": null,
            "length": 4,
            "lower": true,
            "min_lower": 0,
            "min_numeric": 0,
            "min_special": 0,
            "min_upper": 0,
            "number": true,
            "numeric": true,
            "override_special": null,
            "result": "7gj2",
            "special": false,
            "upper": false
          },
          "sensitive_attributes": [],
          "identity_schema_version": 0
        }
      ]
    }
  ],
  "check_results": null
}

